
Microsoft Visual Studio Solution File, Format Version 12.00
# Visual Studio Version 16
VisualStudioVersion = 16.0.30330.147
MinimumVisualStudioVersion = 10.0.40219.1
Project("{FAE04EC0-301F-11D3-BF4B-00C04F79EFBC}") = "DarAlQuranLicenseCreator", "DarAlQuranLicenseCreator\DarAlQuranLicenseCreator.csproj", "{C284A20C-0547-4F74-88A5-A1D1B9DA9491}"
EndProject
Global
	GlobalSection(SolutionConfigurationPlatforms) = preSolution
		Debug|Any CPU = Debug|Any CPU
		Release|Any CPU = Release|Any CPU
	EndGlobalSection
	GlobalSection(ProjectConfigurationPlatforms) = postSolution
		{C284A20C-0547-4F74-88A5-A1D1B9DA9491}.Debug|Any CPU.ActiveCfg = Debug|Any CPU
		{C284A20C-0547-4F74-88A5-A1D1B9DA9491}.Debug|Any CPU.Build.0 = Debug|Any CPU
		{C284A20C-0547-4F74-88A5-A1D1B9DA9491}.Release|Any CPU.ActiveCfg = Release|Any CPU
		{C284A20C-0547-4F74-88A5-A1D1B9DA9491}.Release|Any CPU.Build.0 = Release|Any CPU
	EndGlobalSection
	GlobalSection(SolutionProperties) = preSolution
		HideSolutionNode = FALSE
	EndGlobalSection
	GlobalSection(ExtensibilityGlobals) = postSolution
		SolutionGuid = {366BB7DC-6069-4E50-AA08-67A19D552F2D}
	EndGlobalSection
EndGlobal
